// !$*UTF8*$!
{
	archiveVersion = 1;
	classes = {
	};
	objectVersion = 48;
	objects = {

/* Begin PBXBuildFile section */
		D1D8FC152006953B001566AF /* AppDelegate.swift in Sources */ = {isa = PBXBuildFile; fileRef = D1D8FC142006953B001566AF /* AppDelegate.swift */; };
		D1D8FC172006953B001566AF /* ViewController.swift in Sources */ = {isa = PBXBuildFile; fileRef = D1D8FC162006953B001566AF /* ViewController.swift */; };
		D1D8FC1A2006953B001566AF /* Main.storyboard in Resources */ = {isa = PBXBuildFile; fileRef = D1D8FC182006953B001566AF /* Main.storyboard */; };
		D1D8FC1C2006953B001566AF /* Assets.xcassets in Resources */ = {isa = PBXBuildFile; fileRef = D1D8FC1B2006953B001566AF /* Assets.xcassets */; };
		D1D8FC1F2006953B001566AF /* LaunchScreen.storyboard in Resources */ = {isa = PBXBuildFile; fileRef = D1D8FC1D2006953B001566AF /* LaunchScreen.storyboard */; };
		D1D8FC2A2006953B001566AF /* QuizTests.swift in Sources */ = {isa = PBXBuildFile; fileRef = D1D8FC292006953B001566AF /* QuizTests.swift */; };
		D1D8FC352006953B001566AF /* QuizUITests.swift in Sources */ = {isa = PBXBuildFile; fileRef = D1D8FC342006953B001566AF /* QuizUITests.swift */; };
/* End PBXBuildFile section */

/* Begin PBXContainerItemProxy section */
		D1D8FC262006953B001566AF /* PBXContainerItemProxy */ = {
			isa = PBXContainerItemProxy;
			containerPortal = D1D8FC092006953B001566AF /* Project object */;
			proxyType = 1;
			remoteGlobalIDString = D1D8FC102006953B001566AF;
			remoteInfo = Quiz;
		};
		D1D8FC312006953B001566AF /* PBXContainerItemProxy */ = {
			isa = PBXContainerItemProxy;
			containerPortal = D1D8FC092006953B001566AF /* Project object */;
			proxyType = 1;
			remoteGlobalIDString = D1D8FC102006953B001566AF;
			remoteInfo = Quiz;
		};
/* End PBXContainerItemProxy section */

/* Begin PBXFileReference section */
		D1D8FC112006953B001566AF /* Quiz.app */ = {isa = PBXFileReference; explicitFileType = wrapper.application; includeInIndex = 0; path = Quiz.app; sourceTree = BUILT_PRODUCTS_DIR; };
		D1D8FC142006953B001566AF /* AppDelegate.swift */ = {isa = PBXFileReference; lastKnownFileType = sourcecode.swift; path = AppDelegate.swift; sourceTree = "<group>"; };
		D1D8FC162006953B001566AF /* ViewController.swift */ = {isa = PBXFileReference; lastKnownFileType = sourcecode.swift; path = ViewController.swift; sourceTree = "<group>"; };
		D1D8FC192006953B001566AF /* Base */ = {isa = PBXFileReference; lastKnownFileType = file.storyboard; name = Base; path = Base.lproj/Main.storyboard; sourceTree = "<group>"; };
		D1D8FC1B2006953B001566AF /* Assets.xcassets */ = {isa = PBXFileReference; lastKnownFileType = folder.assetcatalog; path = Assets.xcassets; sourceTree = "<group>"; };
		D1D8FC1E2006953B001566AF /* Base */ = {isa = PBXFileReference; lastKnownFileType = file.storyboard; name = Base; path = Base.lproj/LaunchScreen.storyboard; sourceTree = "<group>"; };
		D1D8FC202006953B001566AF /* Info.plist */ = {isa = PBXFileReference; lastKnownFileType = text.plist.xml; path = Info.plist; sourceTree = "<group>"; };
		D1D8FC252006953B001566AF /* QuizTests.xctest */ = {isa = PBXFileReference; explicitFileType = wrapper.cfbundle; includeInIndex = 0; path = QuizTests.xctest; sourceTree = BUILT_PRODUCTS_DIR; };
		D1D8FC292006953B001566AF /* QuizTests.swift */ = {isa = PBXFileReference; lastKnownFileType = sourcecode.swift; path = QuizTests.swift; sourceTree = "<group>"; };
		D1D8FC2B2006953B001566AF /* Info.plist */ = {isa = PBXFileReference; lastKnownFileType = text.plist.xml; path = Info.plist; sourceTree = "<group>"; };
		D1D8FC302006953B001566AF /* QuizUITests.xctest */ = {isa = PBXFileReference; explicitFileType = wrapper.cfbundle; includeInIndex = 0; path = QuizUITests.xctest; sourceTree = BUILT_PRODUCTS_DIR; };
		D1D8FC342006953B001566AF /* QuizUITests.swift */ = {isa = PBXFileReference; lastKnownFileType = sourcecode.swift; path = QuizUITests.swift; sourceTree = "<group>"; };
		D1D8FC362006953B001566AF /* Info.plist */ = {isa = PBXFileReference; lastKnownFileType = text.plist.xml; path = Info.plist; sourceTree = "<group>"; };
/* End PBXFileReference section */

/* Begin PBXFrameworksBuildPhase section */
		D1D8FC0E2006953B001566AF /* Frameworks */ = {
			isa = PBXFrameworksBuildPhase;
			buildActionMask = 2147483647;
			files = (
			);
			runOnlyForDeploymentPostprocessing = 0;
		};
		D1D8FC222006953B001566AF /* Frameworks */ = {
			isa = PBXFrameworksBuildPhase;
			buildActionMask = 2147483647;
			files = (
			);
			runOnlyForDeploymentPostprocessing = 0;
		};
		D1D8FC2D2006953B001566AF /* Frameworks */ = {
			isa = PBXFrameworksBuildPhase;
			buildActionMask = 2147483647;
			files = (
			);
			runOnlyForDeploymentPostprocessing = 0;
		};
/* End PBXFrameworksBuildPhase section */

/* Begin PBXGroup section */
		D1D8FC082006953B001566AF = {
			isa = PBXGroup;
			children = (
				D1D8FC132006953B001566AF /* Quiz */,
				D1D8FC282006953B001566AF /* QuizTests */,
				D1D8FC332006953B001566AF /* QuizUITests */,
				D1D8FC122006953B001566AF /* Products */,
			);
			sourceTree = "<group>";
		};
		D1D8FC122006953B001566AF /* Products */ = {
			isa = PBXGroup;
			children = (
				D1D8FC112006953B001566AF /* Quiz.app */,
				D1D8FC252006953B001566AF /* QuizTests.xctest */,
				D1D8FC302006953B001566AF /* QuizUITests.xctest */,
			);
			name = Products;
			sourceTree = "<group>";
		};
		D1D8FC132006953B001566AF /* Quiz */ = {
			isa = PBXGroup;
			children = (
				D1D8FC142006953B001566AF /* AppDelegate.swift */,
				D1D8FC162006953B001566AF /* ViewController.swift */,
				D1D8FC182006953B001566AF /* Main.storyboard */,
				D1D8FC1B2006953B001566AF /* Assets.xcassets */,
				D1D8FC1D2006953B001566AF /* LaunchScreen.storyboard */,
				D1D8FC202006953B001566AF /* Info.plist */,
			);
			path = Quiz;
			sourceTree = "<group>";
		};
		D1D8FC282006953B001566AF /* QuizTests */ = {
			isa = PBXGroup;
			children = (
				D1D8FC292006953B001566AF /* QuizTests.swift */,
				D1D8FC2B2006953B001566AF /* Info.plist */,
			);
			path = QuizTests;
			sourceTree = "<group>";
		};
		D1D8FC332006953B001566AF /* QuizUITests */ = {
			isa = PBXGroup;
			children = (
				D1D8FC342006953B001566AF /* QuizUITests.swift */,
				D1D8FC362006953B001566AF /* Info.plist */,
			);
			path = QuizUITests;
			sourceTree = "<group>";
		};
/* End PBXGroup section */

/* Begin PBXNativeTarget section */
		D1D8FC102006953B001566AF /* Quiz */ = {
			isa = PBXNativeTarget;
			buildConfigurationList = D1D8FC392006953B001566AF /* Build configuration list for PBXNativeTarget "Quiz" */;
			buildPhases = (
				D1D8FC0D2006953B001566AF /* Sources */,
				D1D8FC0E2006953B001566AF /* Frameworks */,
				D1D8FC0F2006953B001566AF /* Resources */,
			);
			buildRules = (
			);
			dependencies = (
			);
			name = Quiz;
			productName = Quiz;
			productReference = D1D8FC112006953B001566AF /* Quiz.app */;
			productType = "com.apple.product-type.application";
		};
		D1D8FC242006953B001566AF /* QuizTests */ = {
			isa = PBXNativeTarget;
			buildConfigurationList = D1D8FC3C2006953B001566AF /* Build configuration list for PBXNativeTarget "QuizTests" */;
			buildPhases = (
				D1D8FC212006953B001566AF /* Sources */,
				D1D8FC222006953B001566AF /* Frameworks */,
				D1D8FC232006953B001566AF /* Resources */,
			);
			buildRules = (
			);
			dependencies = (
				D1D8FC272006953B001566AF /* PBXTargetDependency */,
			);
			name = QuizTests;
			productName = QuizTests;
			productReference = D1D8FC252006953B001566AF /* QuizTests.xctest */;
			productType = "com.apple.product-type.bundle.unit-test";
		};
		D1D8FC2F2006953B001566AF /* QuizUITests */ = {
			isa = PBXNativeTarget;
			buildConfigurationList = D1D8FC3F2006953B001566AF /* Build configuration list for PBXNativeTarget "QuizUITests" */;
			buildPhases = (
				D1D8FC2C2006953B001566AF /* Sources */,
				D1D8FC2D2006953B001566AF /* Frameworks */,
				D1D8FC2E2006953B001566AF /* Resources */,
			);
			buildRules = (
			);
			dependencies = (
				D1D8FC322006953B001566AF /* PBXTargetDependency */,
			);
			name = QuizUITests;
			productName = QuizUITests;
			productReference = D1D8FC302006953B001566AF /* QuizUITests.xctest */;
			productType = "com.apple.product-type.bundle.ui-testing";
		};
/* End PBXNativeTarget section */

/* Begin PBXProject section */
		D1D8FC092006953B001566AF /* Project object */ = {
			isa = PBXProject;
			attributes = {
				LastSwiftUpdateCheck = 0920;
				LastUpgradeCheck = 0920;
				ORGANIZATIONNAME = "Benjamin Rolison";
				TargetAttributes = {
					D1D8FC102006953B001566AF = {
						CreatedOnToolsVersion = 9.2;
						ProvisioningStyle = Automatic;
					};
					D1D8FC242006953B001566AF = {
						CreatedOnToolsVersion = 9.2;
						ProvisioningStyle = Automatic;
						TestTargetID = D1D8FC102006953B001566AF;
					};
					D1D8FC2F2006953B001566AF = {
						CreatedOnToolsVersion = 9.2;
						ProvisioningStyle = Automatic;
						TestTargetID = D1D8FC102006953B001566AF;
					};
				};
			};
			buildConfigurationList = D1D8FC0C2006953B001566AF /* Build configuration list for PBXProject "Quiz" */;
			compatibilityVersion = "Xcode 8.0";
			developmentRegion = en;
			hasScannedForEncodings = 0;
			knownRegions = (
				en,
				Base,
			);
			mainGroup = D1D8FC082006953B001566AF;
			productRefGroup = D1D8FC122006953B001566AF /* Products */;
			projectDirPath = "";
			projectRoot = "";
			targets = (
				D1D8FC102006953B001566AF /* Quiz */,
				D1D8FC242006953B001566AF /* QuizTests */,
				D1D8FC2F2006953B001566AF /* QuizUITests */,
			);
		};
/* End PBXProject section */

/* Begin PBXResourcesBuildPhase section */
		D1D8FC0F2006953B001566AF /* Resources */ = {
			isa = PBXResourcesBuildPhase;
			buildActionMask = 2147483647;
			files = (
				D1D8FC1F2006953B001566AF /* LaunchScreen.storyboard in Resources */,
				D1D8FC1C2006953B001566AF /* Assets.xcassets in Resources */,
				D1D8FC1A2006953B001566AF /* Main.storyboard in Resources */,
			);
			runOnlyForDeploymentPostprocessing = 0;
		};
		D1D8FC232006953B001566AF /* Resources */ = {
			isa = PBXResourcesBuildPhase;
			buildActionMask = 2147483647;
			files = (
			);
			runOnlyForDeploymentPostprocessing = 0;
		};
		D1D8FC2E2006953B001566AF /* Resources */ = {
			isa = PBXResourcesBuildPhase;
			buildActionMask = 2147483647;
			files = (
			);
			runOnlyForDeploymentPostprocessing = 0;
		};
/* End PBXResourcesBuildPhase section */

/* Begin PBXSourcesBuildPhase section */
		D1D8FC0D2006953B001566AF /* Sources */ = {
			isa = PBXSourcesBuildPhase;
			buildActionMask = 2147483647;
			files = (
				D1D8FC172006953B001566AF /* ViewController.swift in Sources */,
				D1D8FC152006953B001566AF /* AppDelegate.swift in Sources */,
			);
			runOnlyForDeploymentPostprocessing = 0;
		};
		D1D8FC212006953B001566AF /* Sources */ = {
			isa = PBXSourcesBuildPhase;
			buildActionMask = 2147483647;
			files = (
				D1D8FC2A2006953B001566AF /* QuizTests.swift in Sources */,
			);
			runOnlyForDeploymentPostprocessing = 0;
		};
		D1D8FC2C2006953B001566AF /* Sources */ = {
			isa = PBXSourcesBuildPhase;
			buildActionMask = 2147483647;
			files = (
				D1D8FC352006953B001566AF /* QuizUITests.swift in Sources */,
			);
			runOnlyForDeploymentPostprocessing = 0;
		};
/* End PBXSourcesBuildPhase section */

/* Begin PBXTargetDependency section */
		D1D8FC272006953B001566AF /* PBXTargetDependency */ = {
			isa = PBXTargetDependency;
			target = D1D8FC102006953B001566AF /* Quiz */;
			targetProxy = D1D8FC262006953B001566AF /* PBXContainerItemProxy */;
		};
		D1D8FC322006953B001566AF /* PBXTargetDependency */ = {
			isa = PBXTargetDependency;
			target = D1D8FC102006953B001566AF /* Quiz */;
			targetProxy = D1D8FC312006953B001566AF /* PBXContainerItemProxy */;
		};
/* End PBXTargetDependency section */

/* Begin PBXVariantGroup section */
		D1D8FC182006953B001566AF /* Main.storyboard */ = {
			isa = PBXVariantGroup;
			children = (
				D1D8FC192006953B001566AF /* Base */,
			);
			name = Main.storyboard;
			sourceTree = "<group>";
		};
		D1D8FC1D2006953B001566AF /* LaunchScreen.storyboard */ = {
			isa = PBXVariantGroup;
			children = (
				D1D8FC1E2006953B001566AF /* Base */,
			);
			name = LaunchScreen.storyboard;
			sourceTree = "<group>";
		};
/* End PBXVariantGroup section */

/* Begin XCBuildConfiguration section */
		D1D8FC372006953B001566AF /* Debug */ = {
			isa = XCBuildConfiguration;
			buildSettings = {
				ALWAYS_SEARCH_USER_PATHS = NO;
				CLANG_ANALYZER_NONNULL = YES;
				CLANG_ANALYZER_NUMBER_OBJECT_CONVERSION = YES_AGGRESSIVE;
				CLANG_CXX_LANGUAGE_STANDARD = "gnu++14";
				CLANG_CXX_LIBRARY = "libc++";
				CLANG_ENABLE_MODULES = YES;
				CLANG_ENABLE_OBJC_ARC = YES;
				CLANG_WARN_BLOCK_CAPTURE_AUTORELEASING = YES;
				CLANG_WARN_BOOL_CONVERSION = YES;
				CLANG_WARN_COMMA = YES;
				CLANG_WARN_CONSTANT_CONVERSION = YES;
				CLANG_WARN_DIRECT_OBJC_ISA_USAGE = YES_ERROR;
				CLANG_WARN_DOCUMENTATION_COMMENTS = YES;
				CLANG_WARN_EMPTY_BODY = YES;
				CLANG_WARN_ENUM_CONVERSION = YES;
				CLANG_WARN_INFINITE_RECURSION = YES;
				CLANG_WARN_INT_CONVERSION = YES;
				CLANG_WARN_NON_LITERAL_NULL_CONVERSION = YES;
				CLANG_WARN_OBJC_LITERAL_CONVERSION = YES;
				CLANG_WARN_OBJC_ROOT_CLASS = YES_ERROR;
				CLANG_WARN_RANGE_LOOP_ANALYSIS = YES;
				CLANG_WARN_STRICT_PROTOTYPES = YES;
				CLANG_WARN_SUSPICIOUS_MOVE = YES;
				CLANG_WARN_UNGUARDED_AVAILABILITY = YES_AGGRESSIVE;
				CLANG_WARN_UNREACHABLE_CODE = YES;
				CLANG_WARN__DUPLICATE_METHOD_MATCH = YES;
				CODE_SIGN_IDENTITY = "iPhone Developer";
				COPY_PHASE_STRIP = NO;
				DEBUG_INFORMATION_FORMAT = dwarf;
				ENABLE_STRICT_OBJC_MSGSEND = YES;
				ENABLE_TESTABILITY = YES;
				GCC_C_LANGUAGE_STANDARD = gnu11;
				GCC_DYNAMIC_NO_PIC = NO;
				GCC_NO_COMMON_BLOCKS = YES;
				GCC_OPTIMIZATION_LEVEL = 0;
				GCC_PREPROCESSOR_DEFINITIONS = (
					"DEBUG=1",
					"$(inherited)",
				);
				GCC_WARN_64_TO_32_BIT_CONVERSION = YES;
				GCC_WARN_ABOUT_RETURN_TYPE = YES_ERROR;
				GCC_WARN_UNDECLARED_SELECTOR = YES;
				GCC_WARN_UNINITIALIZED_AUTOS = YES_AGGRESSIVE;
				GCC_WARN_UNUSED_FUNCTION = YES;
				GCC_WARN_UNUSED_VARIABLE = YES;
				IPHONEOS_DEPLOYMENT_TARGET = 11.2;
				MTL_ENABLE_DEBUG_INFO = YES;
				ONLY_ACTIVE_ARCH = YES;
				SDKROOT = iphoneos;
				SWIFT_ACTIVE_COMPILATION_CONDITIONS = DEBUG;
				SWIFT_OPTIMIZATION_LEVEL = "-Onone";
			};
			name = Debug;
		};
		D1D8FC382006953B001566AF /* Release */ = {
			isa = XCBuildConfiguration;
			buildSettings = {
				ALWAYS_SEARCH_USER_PATHS = NO;
				CLANG_ANALYZER_NONNULL = YES;
				CLANG_ANALYZER_NUMBER_OBJECT_CONVERSION = YES_AGGRESSIVE;
				CLANG_CXX_LANGUAGE_STANDARD = "gnu++14";
				CLANG_CXX_LIBRARY = "libc++";
				CLANG_ENABLE_MODULES = YES;
				CLANG_ENABLE_OBJC_ARC = YES;
				CLANG_WARN_BLOCK_CAPTURE_AUTORELEASING = YES;
				CLANG_WARN_BOOL_CONVERSION = YES;
				CLANG_WARN_COMMA = YES;
				CLANG_WARN_CONSTANT_CONVERSION = YES;
				CLANG_WARN_DIRECT_OBJC_ISA_USAGE = YES_ERROR;
				CLANG_WARN_DOCUMENTATION_COMMENTS = YES;
				CLANG_WARN_EMPTY_BODY = YES;
				CLANG_WARN_ENUM_CONVERSION = YES;
				CLANG_WARN_INFINITE_RECURSION = YES;
				CLANG_WARN_INT_CONVERSION = YES;
				CLANG_WARN_NON_LITERAL_NULL_CONVERSION = YES;
				CLANG_WARN_OBJC_LITERAL_CONVERSION = YES;
				CLANG_WARN_OBJC_ROOT_CLASS = YES_ERROR;
				CLANG_WARN_RANGE_LOOP_ANALYSIS = YES;
				CLANG_WARN_STRICT_PROTOTYPES = YES;
				CLANG_WARN_SUSPICIOUS_MOVE = YES;
				CLANG_WARN_UNGUARDED_AVAILABILITY = YES_AGGRESSIVE;
				CLANG_WARN_UNREACHABLE_CODE = YES;
				CLANG_WARN__DUPLICATE_METHOD_MATCH = YES;
				CODE_SIGN_IDENTITY = "iPhone Developer";
				COPY_PHASE_STRIP = NO;
				DEBUG_INFORMATION_FORMAT = "dwarf-with-dsym";
				ENABLE_NS_ASSERTIONS = NO;
				ENABLE_STRICT_OBJC_MSGSEND = YES;
				GCC_C_LANGUAGE_STANDARD = gnu11;
				GCC_NO_COMMON_BLOCKS = YES;
				GCC_WARN_64_TO_32_BIT_CONVERSION = YES;
				GCC_WARN_ABOUT_RETURN_TYPE = YES_ERROR;
				GCC_WARN_UNDECLARED_SELECTOR = YES;
				GCC_WARN_UNINITIALIZED_AUTOS = YES_AGGRESSIVE;
				GCC_WARN_UNUSED_FUNCTION = YES;
				GCC_WARN_UNUSED_VARIABLE = YES;
				IPHONEOS_DEPLOYMENT_TARGET = 11.2;
				MTL_ENABLE_DEBUG_INFO = NO;
				SDKROOT = iphoneos;
				SWIFT_OPTIMIZATION_LEVEL = "-Owholemodule";
				VALIDATE_PRODUCT = YES;
			};
			name = Release;
		};
		D1D8FC3A2006953B001566AF /* Debug */ = {
			isa = XCBuildConfiguration;
			buildSettings = {
				ASSETCATALOG_COMPILER_APPICON_NAME = AppIcon;
				CODE_SIGN_STYLE = Automatic;
				INFOPLIST_FILE = Quiz/Info.plist;
				LD_RUNPATH_SEARCH_PATHS = "$(inherited) @executable_path/Frameworks";
				PRODUCT_BUNDLE_IDENTIFIER = HPU.Quiz;
				PRODUCT_NAME = "$(TARGET_NAME)";
				SWIFT_VERSION = 4.0;
				TARGETED_DEVICE_FAMILY = "1,2";
			};
			name = Debug;
		};
		D1D8FC3B2006953B001566AF /* Release */ = {
			isa = XCBuildConfiguration;
			buildSettings = {
				ASSETCATALOG_COMPILER_APPICON_NAME = AppIcon;
				CODE_SIGN_STYLE = Automatic;
				INFOPLIST_FILE = Quiz/Info.plist;
				LD_RUNPATH_SEARCH_PATHS = "$(inherited) @executable_path/Frameworks";
				PRODUCT_BUNDLE_IDENTIFIER = HPU.Quiz;
				PRODUCT_NAME = "$(TARGET_NAME)";
				SWIFT_VERSION = 4.0;
				TARGETED_DEVICE_FAMILY = "1,2";
			};
			name = Release;
		};
		D1D8FC3D2006953B001566AF /* Debug */ = {
			isa = XCBuildConfiguration;
			buildSettings = {
				ALWAYS_EMBED_SWIFT_STANDARD_LIBRARIES = YES;
				BUNDLE_LOADER = "$(TEST_HOST)";
				CODE_SIGN_STYLE = Automatic;
				INFOPLIST_FILE = QuizTests/Info.plist;
				LD_RUNPATH_SEARCH_PATHS = "$(inherited) @executable_path/Frameworks @loader_path/Frameworks";
				PRODUCT_BUNDLE_IDENTIFIER = HPU.QuizTests;
				PRODUCT_NAME = "$(TARGET_NAME)";
				SWIFT_VERSION = 4.0;
				TARGETED_DEVICE_FAMILY = "1,2";
				TEST_HOST = "$(BUILT_PRODUCTS_DIR)/Quiz.app/Quiz";
			};
			name = Debug;
		};
		D1D8FC3E2006953B001566AF /* Release */ = {
			isa = XCBuildConfiguration;
			buildSettings = {
				ALWAYS_EMBED_SWIFT_STANDARD_LIBRARIES = YES;
				BUNDLE_LOADER = "$(TEST_HOST)";
				CODE_SIGN_STYLE = Automatic;
				INFOPLIST_FILE = QuizTests/Info.plist;
				LD_RUNPATH_SEARCH_PATHS = "$(inherited) @executable_path/Frameworks @loader_path/Frameworks";
				PRODUCT_BUNDLE_IDENTIFIER = HPU.QuizTests;
				PRODUCT_NAME = "$(TARGET_NAME)";
				SWIFT_VERSION = 4.0;
				TARGETED_DEVICE_FAMILY = "1,2";
				TEST_HOST = "$(BUILT_PRODUCTS_DIR)/Quiz.app/Quiz";
			};
			name = Release;
		};
		D1D8FC402006953B001566AF /* Debug */ = {
			isa = XCBuildConfiguration;
			buildSettings = {
				ALWAYS_EMBED_SWIFT_STANDARD_LIBRARIES = YES;
				CODE_SIGN_STYLE = Automatic;
				INFOPLIST_FILE = QuizUITests/Info.plist;
				LD_RUNPATH_SEARCH_PATHS = "$(inherited) @executable_path/Frameworks @loader_path/Frameworks";
				PRODUCT_BUNDLE_IDENTIFIER = HPU.QuizUITests;
				PRODUCT_NAME = "$(TARGET_NAME)";
				SWIFT_VERSION = 4.0;
				TARGETED_DEVICE_FAMILY = "1,2";
				TEST_TARGET_NAME = Quiz;
			};
			name = Debug;
		};
		D1D8FC412006953B001566AF /* Release */ = {
			isa = XCBuildConfiguration;
			buildSettings = {
				ALWAYS_EMBED_SWIFT_STANDARD_LIBRARIES = YES;
				CODE_SIGN_STYLE = Automatic;
				INFOPLIST_FILE = QuizUITests/Info.plist;
				LD_RUNPATH_SEARCH_PATHS = "$(inherited) @executable_path/Frameworks @loader_path/Frameworks";
				PRODUCT_BUNDLE_IDENTIFIER = HPU.QuizUITests;
				PRODUCT_NAME = "$(TARGET_NAME)";
				SWIFT_VERSION = 4.0;
				TARGETED_DEVICE_FAMILY = "1,2";
				TEST_TARGET_NAME = Quiz;
			};
			name = Release;
		};
/* End XCBuildConfiguration section */

/* Begin XCConfigurationList section */
		D1D8FC0C2006953B001566AF /* Build configuration list for PBXProject "Quiz" */ = {
			isa = XCConfigurationList;
			buildConfigurations = (
				D1D8FC372006953B001566AF /* Debug */,
				D1D8FC382006953B001566AF /* Release */,
			);
			defaultConfigurationIsVisible = 0;
			defaultConfigurationName = Release;
		};
		D1D8FC392006953B001566AF /* Build configuration list for PBXNativeTarget "Quiz" */ = {
			isa = XCConfigurationList;
			buildConfigurations = (
				D1D8FC3A2006953B001566AF /* Debug */,
				D1D8FC3B2006953B001566AF /* Release */,
			);
			defaultConfigurationIsVisible = 0;
			defaultConfigurationName = Release;
		};
		D1D8FC3C2006953B001566AF /* Build configuration list for PBXNativeTarget "QuizTests" */ = {
			isa = XCConfigurationList;
			buildConfigurations = (
				D1D8FC3D2006953B001566AF /* Debug */,
				D1D8FC3E2006953B001566AF /* Release */,
			);
			defaultConfigurationIsVisible = 0;
			defaultConfigurationName = Release;
		};
		D1D8FC3F2006953B001566AF /* Build configuration list for PBXNativeTarget "QuizUITests" */ = {
			isa = XCConfigurationList;
			buildConfigurations = (
				D1D8FC402006953B001566AF /* Debug */,
				D1D8FC412006953B001566AF /* Release */,
			);
			defaultConfigurationIsVisible = 0;
			defaultConfigurationName = Release;
		};
/* End XCConfigurationList section */
	};
	rootObject = D1D8FC092006953B001566AF /* Project object */;
}
